
Microsoft Visual Studio Solution File, Format Version 12.00
# Visual Studio Version 17
VisualStudioVersion = 17.11.35312.102
MinimumVisualStudioVersion = 10.0.40219.1
Project("{9A19103F-16F7-4668-BE54-9A1E7A4F7556}") = "Waterfall", "Waterfall.csproj", "{218A5CC9-5001-4298-B9A6-405A2A22BDA3}"
EndProject
Project("{2150E333-8FDC-42A3-9474-1A3956D46DE8}") = "Solution Items", "Solution Items", "{2CE39761-6DC8-4B05-AE00-434FC369C224}"
	ProjectSection(SolutionItems) = preProject
		..\..\CHANGELOG.md = ..\..\CHANGELOG.md
		..\..\README.md = ..\..\README.md
		Waterfall.csproj.user = Waterfall.csproj.user
	EndProjectSection
EndProject
Global
	GlobalSection(SolutionConfigurationPlatforms) = preSolution
		Debug|Any CPU = Debug|Any CPU
		Release|Any CPU = Release|Any CPU
	EndGlobalSection
	GlobalSection(ProjectConfigurationPlatforms) = postSolution
		{218A5CC9-5001-4298-B9A6-405A2A22BDA3}.Debug|Any CPU.ActiveCfg = Debug|Any CPU
		{218A5CC9-5001-4298-B9A6-405A2A22BDA3}.Debug|Any CPU.Build.0 = Debug|Any CPU
		{218A5CC9-5001-4298-B9A6-405A2A22BDA3}.Release|Any CPU.ActiveCfg = Release|Any CPU
		{218A5CC9-5001-4298-B9A6-405A2A22BDA3}.Release|Any CPU.Build.0 = Release|Any CPU
	EndGlobalSection
	GlobalSection(SolutionProperties) = preSolution
		HideSolutionNode = FALSE
	EndGlobalSection
	GlobalSection(ExtensibilityGlobals) = postSolution
		SolutionGuid = {889F8676-A650-469C-9EB2-16B04346CC1A}
	EndGlobalSection
EndGlobal
